{
  "name": "View",
  "lockfileVersion": 2,
  "requires": true,
  "packages": {
    "": {
      "dependencies": {
        "datatables.net": "^1.11.5",
        "datatables.net-dt": "^1.11.5"
      },
      "devDependencies": {
        "@types/jquery": "^3.5.14",
        "@types/node": "^17.0.32"
      }
    },
    "node_modules/@types/jquery": {
      "version": "3.5.14",
      "resolved": "https://registry.npmjs.org/@types/jquery/-/jquery-3.5.14.tgz",
      "integrity": "sha512-X1gtMRMbziVQkErhTQmSe2jFwwENA/Zr+PprCkF63vFq+Yt5PZ4AlKqgmeNlwgn7dhsXEK888eIW2520EpC+xg==",
      "dev": true,
      "dependencies": {
        "@types/sizzle": "*"
      }
    },
    "node_modules/@types/node": {
      "version": "17.0.32",
      "resolved": "https://registry.npmjs.org/@types/node/-/node-17.0.32.tgz",
      "integrity": "sha512-eAIcfAvhf/BkHcf4pkLJ7ECpBAhh9kcxRBpip9cTiO+hf+aJrsxYxBeS6OXvOd9WqNAJmavXVpZvY1rBjNsXmw==",
      "dev": true
    },
    "node_modules/@types/sizzle": {
      "version": "2.3.3",
      "resolved": "https://registry.npmjs.org/@types/sizzle/-/sizzle-2.3.3.tgz",
      "integrity": "sha512-JYM8x9EGF163bEyhdJBpR2QX1R5naCJHC8ucJylJ3w9/CVBaskdQ8WqBf8MmQrd1kRvp/a4TS8HJ+bxzR7ZJYQ==",
      "dev": true
    },
    "node_modules/datatables.net": {
      "version": "1.11.5",
      "resolved": "https://registry.npmjs.org/datatables.net/-/datatables.net-1.11.5.tgz",
      "integrity": "sha512-nlFst2xfwSWaQgaOg5sXVG3cxYC0tH8E8d65289w9ROgF2TmLULOOpcdMpyxxUim/qEwVSEem42RjkTWEpr3eA==",
      "dependencies": {
        "jquery": ">=1.7"
      }
    },
    "node_modules/datatables.net-dt": {
      "version": "1.11.5",
      "resolved": "https://registry.npmjs.org/datatables.net-dt/-/datatables.net-dt-1.11.5.tgz",
      "integrity": "sha512-QZ6AZv6bFyGPuJLILQ50T9IHT0foKw5XOl+pA1W8BFHTQ/CkUuU54GtgvAnq+ag0wdis4+Qq/YuN2yTogoLXdA==",
      "dependencies": {
        "datatables.net": ">=1.11.3",
        "jquery": ">=1.7"
      }
    },
    "node_modules/jquery": {
      "version": "3.6.0",
      "resolved": "https://registry.npmjs.org/jquery/-/jquery-3.6.0.tgz",
      "integrity": "sha512-JVzAR/AjBvVt2BmYhxRCSYysDsPcssdmTFnzyLEts9qNwmjmu4JTAMYubEfwVOSwpQ1I1sKKFcxhZCI2buerfw=="
    }
  },
  "dependencies": {
    "@types/jquery": {
      "version": "3.5.14",
      "resolved": "https://registry.npmjs.org/@types/jquery/-/jquery-3.5.14.tgz",
      "integrity": "sha512-X1gtMRMbziVQkErhTQmSe2jFwwENA/Zr+PprCkF63vFq+Yt5PZ4AlKqgmeNlwgn7dhsXEK888eIW2520EpC+xg==",
      "dev": true,
      "requires": {
        "@types/sizzle": "*"
      }
    },
    "@types/node": {
      "version": "17.0.32",
      "resolved": "https://registry.npmjs.org/@types/node/-/node-17.0.32.tgz",
      "integrity": "sha512-eAIcfAvhf/BkHcf4pkLJ7ECpBAhh9kcxRBpip9cTiO+hf+aJrsxYxBeS6OXvOd9WqNAJmavXVpZvY1rBjNsXmw==",
      "dev": true
    },
    "@types/sizzle": {
      "version": "2.3.3",
      "resolved": "https://registry.npmjs.org/@types/sizzle/-/sizzle-2.3.3.tgz",
      "integrity": "sha512-JYM8x9EGF163bEyhdJBpR2QX1R5naCJHC8ucJylJ3w9/CVBaskdQ8WqBf8MmQrd1kRvp/a4TS8HJ+bxzR7ZJYQ==",
      "dev": true
    },
    "datatables.net": {
      "version": "1.11.5",
      "resolved": "https://registry.npmjs.org/datatables.net/-/datatables.net-1.11.5.tgz",
      "integrity": "sha512-nlFst2xfwSWaQgaOg5sXVG3cxYC0tH8E8d65289w9ROgF2TmLULOOpcdMpyxxUim/qEwVSEem42RjkTWEpr3eA==",
      "requires": {
        "jquery": ">=1.7"
      }
    },
    "datatables.net-dt": {
      "version": "1.11.5",
      "resolved": "https://registry.npmjs.org/datatables.net-dt/-/datatables.net-dt-1.11.5.tgz",
      "integrity": "sha512-QZ6AZv6bFyGPuJLILQ50T9IHT0foKw5XOl+pA1W8BFHTQ/CkUuU54GtgvAnq+ag0wdis4+Qq/YuN2yTogoLXdA==",
      "requires": {
        "datatables.net": ">=1.11.3",
        "jquery": ">=1.7"
      }
    },
    "jquery": {
      "version": "3.6.0",
      "resolved": "https://registry.npmjs.org/jquery/-/jquery-3.6.0.tgz",
      "integrity": "sha512-JVzAR/AjBvVt2BmYhxRCSYysDsPcssdmTFnzyLEts9qNwmjmu4JTAMYubEfwVOSwpQ1I1sKKFcxhZCI2buerfw=="
    }
  }
}
